
Microsoft Visual Studio Solution File, Format Version 12.00
Project("{FAE04EC0-301F-11D3-BF4B-00C04F79EFBC}") = "Selenium-E2E-Tests-TP", "Selenium-E2E-Tests-TP.csproj", "{05798EFC-E9AD-413C-9853-41D9A67B7FF8}"
EndProject
Global
	GlobalSection(SolutionConfigurationPlatforms) = preSolution
		Debug|Any CPU = Debug|Any CPU
		Release|Any CPU = Release|Any CPU
	EndGlobalSection
	GlobalSection(ProjectConfigurationPlatforms) = postSolution
		{05798EFC-E9AD-413C-9853-41D9A67B7FF8}.Debug|Any CPU.ActiveCfg = Debug|Any CPU
		{05798EFC-E9AD-413C-9853-41D9A67B7FF8}.Debug|Any CPU.Build.0 = Debug|Any CPU
		{05798EFC-E9AD-413C-9853-41D9A67B7FF8}.Release|Any CPU.ActiveCfg = Release|Any CPU
		{05798EFC-E9AD-413C-9853-41D9A67B7FF8}.Release|Any CPU.Build.0 = Release|Any CPU
	EndGlobalSection
EndGlobal
